
Microsoft Visual Studio Solution File, Format Version 12.00
# Visual Studio Version 16
VisualStudioVersion = 16.0.32929.386
MinimumVisualStudioVersion = 10.0.40219.1
Project("{FAE04EC0-301F-11D3-BF4B-00C04F79EFBC}") = "HouseRental", "HouseRental.csproj", "{17EF5D68-F8B6-4EE7-87E4-8B4F7B908D4A}"
EndProject
Global
	GlobalSection(SolutionConfigurationPlatforms) = preSolution
		Debug|Any CPU = Debug|Any CPU
		Release|Any CPU = Release|Any CPU
	EndGlobalSection
	GlobalSection(ProjectConfigurationPlatforms) = postSolution
		{17EF5D68-F8B6-4EE7-87E4-8B4F7B908D4A}.Debug|Any CPU.ActiveCfg = Debug|Any CPU
		{17EF5D68-F8B6-4EE7-87E4-8B4F7B908D4A}.Debug|Any CPU.Build.0 = Debug|Any CPU
		{17EF5D68-F8B6-4EE7-87E4-8B4F7B908D4A}.Release|Any CPU.ActiveCfg = Release|Any CPU
		{17EF5D68-F8B6-4EE7-87E4-8B4F7B908D4A}.Release|Any CPU.Build.0 = Release|Any CPU
	EndGlobalSection
	GlobalSection(SolutionProperties) = preSolution
		HideSolutionNode = FALSE
	EndGlobalSection
	GlobalSection(ExtensibilityGlobals) = postSolution
		SolutionGuid = {CC011A01-1D4E-4752-B6B6-500A065C1062}
	EndGlobalSection
EndGlobal
